<Solution>
  <Folder Name="/src/">
    <Project Path="src/Agentic2D.Contracts/Agentic2D.Contracts.csproj" />
    <Project Path="src/Agentic2D.Behaviors/Agentic2D.Behaviors.csproj" />
    <Project Path="src/Agentic2D.Engine/Agentic2D.Engine.csproj" />
    <Project Path="src/Agentic2D.Simulation/Agentic2D.Simulation.csproj" />
    <Project Path="src/Agentic2D.Metrics/Agentic2D.Metrics.csproj" />
    <Project Path="src/Agentic2D.Engineering/Agentic2D.Engineering.csproj" />
    <Project Path="src/Agentic2D.ScenarioRunner/Agentic2D.ScenarioRunner.csproj" />
    <Project Path="src/Agentic2D.Spatial.Grid/Agentic2D.Spatial.Grid.csproj" />
    <Project Path="src/Agentic2D.Spatial.Continuous/Agentic2D.Spatial.Continuous.csproj" />
    <Project Path="src/Agentic2D.Animation/Agentic2D.Animation.csproj" />
    <Project Path="src/Agentic2D.Sound/Agentic2D.Sound.csproj" />
    <Project Path="src/Agentic2D.Gameplay/Agentic2D.Gameplay.csproj" />
    <Project Path="src/Agentic2D.Persistence/Agentic2D.Persistence.csproj" />
    <Project Path="src/Agentic2D.Presentation/Agentic2D.Presentation.csproj" />
    <Project Path="src/Agentic2D.UI/Agentic2D.UI.csproj" />
    <Project Path="src/Agentic2D.Workspaces/Agentic2D.Workspaces.csproj" />
    <Project Path="src/Agentic2D.Tools/Agentic2D.Tools.csproj" />
    <Project Path="src/Agentic2D.Validation/Agentic2D.Validation.csproj" />
    <Project Path="src/Agentic2D.Rendering/Agentic2D.Rendering.csproj" />
    <Project Path="src/Agentic2D.DebugClient.Raylib/Agentic2D.DebugClient.Raylib.csproj" />
    <Project Path="src/Agentic2D.GameHost/Agentic2D.GameHost.csproj" />
  </Folder>
  <Folder Name="/tests/" />
  <Folder Name="/tests/unit/">
    <Project Path="tests/unit/Agentic2D.Tests.Unit/Agentic2D.Tests.Unit.csproj" />
  </Folder>
</Solution>
